
Microsoft Visual Studio Solution File, Format Version 12.00
# Visual Studio 15
VisualStudioVersion = 15.0.28010.2050
MinimumVisualStudioVersion = 10.0.40219.1
Project("{FAE04EC0-301F-11D3-BF4B-00C04F79EFBC}") = "ExcelLibrary", "ExcelLibrary\ExcelLibrary.csproj", "{0716F257-72DD-41EF-8E79-54BA388E3AB1}"
EndProject
Project("{FAE04EC0-301F-11D3-BF4B-00C04F79EFBC}") = "WindowsFormsApp2", "WindowsFormsApp2\WindowsFormsApp2.csproj", "{F1183E10-C485-46F4-87B2-5A91486580E1}"
EndProject
Project("{FAE04EC0-301F-11D3-BF4B-00C04F79EFBC}") = "back", "back\back.csproj", "{04C91FC8-6159-4A62-B918-5604A87F78CB}"
EndProject
Global
	GlobalSection(SolutionConfigurationPlatforms) = preSolution
		Debug|Any CPU = Debug|Any CPU
		Release|Any CPU = Release|Any CPU
	EndGlobalSection
	GlobalSection(ProjectConfigurationPlatforms) = postSolution
		{0716F257-72DD-41EF-8E79-54BA388E3AB1}.Debug|Any CPU.ActiveCfg = Debug|Any CPU
		{0716F257-72DD-41EF-8E79-54BA388E3AB1}.Debug|Any CPU.Build.0 = Debug|Any CPU
		{0716F257-72DD-41EF-8E79-54BA388E3AB1}.Release|Any CPU.ActiveCfg = Release|Any CPU
		{0716F257-72DD-41EF-8E79-54BA388E3AB1}.Release|Any CPU.Build.0 = Release|Any CPU
		{F1183E10-C485-46F4-87B2-5A91486580E1}.Debug|Any CPU.ActiveCfg = Debug|Any CPU
		{F1183E10-C485-46F4-87B2-5A91486580E1}.Debug|Any CPU.Build.0 = Debug|Any CPU
		{F1183E10-C485-46F4-87B2-5A91486580E1}.Release|Any CPU.ActiveCfg = Release|Any CPU
		{F1183E10-C485-46F4-87B2-5A91486580E1}.Release|Any CPU.Build.0 = Release|Any CPU
		{04C91FC8-6159-4A62-B918-5604A87F78CB}.Debug|Any CPU.ActiveCfg = Debug|Any CPU
		{04C91FC8-6159-4A62-B918-5604A87F78CB}.Debug|Any CPU.Build.0 = Debug|Any CPU
		{04C91FC8-6159-4A62-B918-5604A87F78CB}.Release|Any CPU.ActiveCfg = Release|Any CPU
		{04C91FC8-6159-4A62-B918-5604A87F78CB}.Release|Any CPU.Build.0 = Release|Any CPU
	EndGlobalSection
	GlobalSection(SolutionProperties) = preSolution
		HideSolutionNode = FALSE
	EndGlobalSection
	GlobalSection(ExtensibilityGlobals) = postSolution
		SolutionGuid = {17D30F9D-051F-4B1D-A51F-26688AAF10F6}
	EndGlobalSection
EndGlobal
